
Microsoft Visual Studio Solution File, Format Version 12.00
# Visual Studio Version 17
VisualStudioVersion = 17.5.33209.295
MinimumVisualStudioVersion = 10.0.40219.1
Project("{9A19103F-16F7-4668-BE54-9A1E7A4F7556}") = "DigitalLogic16bitComputer", "DigitalLogic16bitComputer\DigitalLogic16bitComputer.csproj", "{6C34CFBB-A24A-43ED-A180-659F2ADB49AB}"
EndProject
Project("{FAE04EC0-301F-11D3-BF4B-00C04F79EFBC}") = "DigitalLogic16bitComputerTest", "DigitalLogic16bitComputerTest\DigitalLogic16bitComputerTest.csproj", "{551640BE-69E3-447E-BE07-9BC77551A88D}"
EndProject
Global
	GlobalSection(SolutionConfigurationPlatforms) = preSolution
		Debug|Any CPU = Debug|Any CPU
		Release|Any CPU = Release|Any CPU
	EndGlobalSection
	GlobalSection(ProjectConfigurationPlatforms) = postSolution
		{6C34CFBB-A24A-43ED-A180-659F2ADB49AB}.Debug|Any CPU.ActiveCfg = Debug|Any CPU
		{6C34CFBB-A24A-43ED-A180-659F2ADB49AB}.Debug|Any CPU.Build.0 = Debug|Any CPU
		{6C34CFBB-A24A-43ED-A180-659F2ADB49AB}.Release|Any CPU.ActiveCfg = Release|Any CPU
		{6C34CFBB-A24A-43ED-A180-659F2ADB49AB}.Release|Any CPU.Build.0 = Release|Any CPU
		{551640BE-69E3-447E-BE07-9BC77551A88D}.Debug|Any CPU.ActiveCfg = Debug|Any CPU
		{551640BE-69E3-447E-BE07-9BC77551A88D}.Debug|Any CPU.Build.0 = Debug|Any CPU
		{551640BE-69E3-447E-BE07-9BC77551A88D}.Release|Any CPU.ActiveCfg = Release|Any CPU
		{551640BE-69E3-447E-BE07-9BC77551A88D}.Release|Any CPU.Build.0 = Release|Any CPU
	EndGlobalSection
	GlobalSection(SolutionProperties) = preSolution
		HideSolutionNode = FALSE
	EndGlobalSection
	GlobalSection(ExtensibilityGlobals) = postSolution
		SolutionGuid = {F48A430E-218E-4F68-9E19-AD4FD5DD7B94}
	EndGlobalSection
EndGlobal
